Microsoft Visual Studio Solution File, Format Version 12.00
# Visual Studio Version 17
VisualStudioVersion = 17.5.2.0
MinimumVisualStudioVersion = 10.0.40219.1
Project("{FAE04EC0-301F-11D3-BF4B-00C04F79EFBC}") = "Afantazie.Presentation.Api", "Afantazie.Presentation.Api.csproj", "{B5CC31DB-7B16-FDB3-2346-A3604C8DCD76}"
EndProject
Global
	GlobalSection(SolutionConfigurationPlatforms) = preSolution
		Debug|Any CPU = Debug|Any CPU
		Release|Any CPU = Release|Any CPU
	EndGlobalSection
	GlobalSection(ProjectConfigurationPlatforms) = postSolution
		{B5CC31DB-7B16-FDB3-2346-A3604C8DCD76}.Debug|Any CPU.ActiveCfg = Debug|Any CPU
		{B5CC31DB-7B16-FDB3-2346-A3604C8DCD76}.Debug|Any CPU.Build.0 = Debug|Any CPU
		{B5CC31DB-7B16-FDB3-2346-A3604C8DCD76}.Release|Any CPU.ActiveCfg = Release|Any CPU
		{B5CC31DB-7B16-FDB3-2346-A3604C8DCD76}.Release|Any CPU.Build.0 = Release|Any CPU
	EndGlobalSection
	GlobalSection(SolutionProperties) = preSolution
		HideSolutionNode = FALSE
	EndGlobalSection
	GlobalSection(ExtensibilityGlobals) = postSolution
		SolutionGuid = {0F1926C2-6AF8-4452-BCF8-FDED1F9C7BD0}
	EndGlobalSection
EndGlobal
