
Microsoft Visual Studio Solution File, Format Version 12.00
# Visual Studio Version 17
VisualStudioVersion = 17.9.34622.214
MinimumVisualStudioVersion = 10.0.40219.1
Project("{9A19103F-16F7-4668-BE54-9A1E7A4F7556}") = "AfantazieServer", "AfantazieServer\AfantazieServer.csproj", "{D39387AB-7539-4D0D-AD6D-4BC7758BC7A8}"
EndProject
Project("{9A19103F-16F7-4668-BE54-9A1E7A4F7556}") = "Afantazie.Service.Interface.Authentication", "Afantazie.Service.Interface.Authentication\Afantazie.Service.Interface.Authentication.csproj", "{06670BCD-A2B5-49BA-A91C-45748F85E403}"
EndProject
Project("{9A19103F-16F7-4668-BE54-9A1E7A4F7556}") = "Afantazie.Service.Auth", "Afantazie.Service.Authentication\Afantazie.Service.Auth.csproj", "{0DC1634A-E478-44E5-85BA-4357E8E63EB4}"
EndProject
Project("{9A19103F-16F7-4668-BE54-9A1E7A4F7556}") = "Afantazie.Core.Model", "Afantazie.Core.Model\Afantazie.Core.Model.csproj", "{0F0785DF-34B6-453F-9BF2-DB556C32CF86}"
EndProject
Project("{9A19103F-16F7-4668-BE54-9A1E7A4F7556}") = "Afantazie.Data.Model", "Afantazie.Data.Core\Afantazie.Data.Model.csproj", "{307F9C6A-3BAF-43B4-B478-CF69A60909C4}"
EndProject
Project("{9A19103F-16F7-4668-BE54-9A1E7A4F7556}") = "Afantazie.Data.Interface.Repository", "Afantazie.Data.Repository.Users\Afantazie.Data.Interface.Repository.csproj", "{F665C27A-24B9-4241-A03A-84B3A1FD027E}"
EndProject
Project("{2150E333-8FDC-42A3-9474-1A3956D46DE8}") = "Data", "Data", "{F5CF87E8-C2B3-41AB-85DF-381976C3240D}"
EndProject
Project("{2150E333-8FDC-42A3-9474-1A3956D46DE8}") = "Core", "Core", "{2A5DDC78-B6BE-49FF-8D97-D7CC16E91FBA}"
EndProject
Project("{2150E333-8FDC-42A3-9474-1A3956D46DE8}") = "Service", "Service", "{0F06CE6D-5FD9-4245-BEF0-30E250E20C29}"
EndProject
Project("{9A19103F-16F7-4668-BE54-9A1E7A4F7556}") = "Afantazie.Data.Repository", "Afantazie.Data.Repository\Afantazie.Data.Repository.csproj", "{CCA47F37-4225-45D6-AB62-D5D1D224A159}"
EndProject
Project("{9A19103F-16F7-4668-BE54-9A1E7A4F7556}") = "Afantazie.Presentation.Api", "Afantazie.Presentation.Api\Afantazie.Presentation.Api.csproj", "{ABFBC6A9-6054-4090-8595-6D70631C7C1D}"
EndProject
Project("{2150E333-8FDC-42A3-9474-1A3956D46DE8}") = "Presentation", "Presentation", "{15898F11-EB19-4E48-BC33-266E864485D7}"
EndProject
Project("{9A19103F-16F7-4668-BE54-9A1E7A4F7556}") = "Afantazie.Presentation.Model", "Afantazie.Presentation.Model\Afantazie.Presentation.Model.csproj", "{8E19D217-EC24-48E8-9FF2-9B37C9D48F40}"
EndProject
Project("{2150E333-8FDC-42A3-9474-1A3956D46DE8}") = "Interface", "Interface", "{B1E9F3E6-6CA6-4616-9273-E8B02DDE4C87}"
EndProject
Project("{9A19103F-16F7-4668-BE54-9A1E7A4F7556}") = "Afantazie.Core.Localization", "Afantazie.Core.Localization\Afantazie.Core.Localization.csproj", "{21A011C1-CB37-44B8-BEBF-043415FFE2B8}"
EndProject
Project("{9A19103F-16F7-4668-BE54-9A1E7A4F7556}") = "Afantazie.Service.Interface.UserSettings", "Afantazie.Service.Interface.UserSettings\Afantazie.Service.Interface.UserSettings.csproj", "{43D9057B-644D-4C90-BCE6-F7751FE4C70C}"
EndProject
Project("{9A19103F-16F7-4668-BE54-9A1E7A4F7556}") = "Afantazie.Service.UserSettings", "Afantazie.Services.UserSettings\Afantazie.Service.UserSettings.csproj", "{D759D9CF-1F4D-44BD-BBF6-DADEF52A68FC}"
EndProject
Project("{9A19103F-16F7-4668-BE54-9A1E7A4F7556}") = "Afantazie.Service.Interface.Thoughts", "Afantazie.Service.Interface.Thoughts\Afantazie.Service.Interface.Thoughts.csproj", "{3C2F7281-69C8-4A25-9D8C-2E260E853D5D}"
EndProject
Project("{9A19103F-16F7-4668-BE54-9A1E7A4F7556}") = "Afantazie.Service.Thoughts", "Afantazie.Service.Thoughts\Afantazie.Service.Thoughts.csproj", "{12386335-B00F-4544-AE0A-B32FB191AB84}"
EndProject
Project("{9A19103F-16F7-4668-BE54-9A1E7A4F7556}") = "Afantazie.Services.Interface.Chat", "Afantazie.Services.Interface.Chat\Afantazie.Services.Interface.Chat.csproj", "{0EEDB792-FDE6-4225-8C49-85EA8FFF4908}"
EndProject
Project("{9A19103F-16F7-4668-BE54-9A1E7A4F7556}") = "Afantazie.Service.Chat", "Afantazie.Services.Chat\Afantazie.Service.Chat.csproj", "{B8C368B6-1BE9-4DDB-ADD5-F215F1277F89}"
EndProject
Project("{9A19103F-16F7-4668-BE54-9A1E7A4F7556}") = "Afantazie.Service.SiteActivity", "Afantazie.Service.SiteActivity\Afantazie.Service.SiteActivity.csproj", "{79BC8615-5F09-4A71-99C7-FBFCD7D3B9E3}"
EndProject
Project("{9A19103F-16F7-4668-BE54-9A1E7A4F7556}") = "Afantazie.Service.Interface.SiteActivity", "Afantazie.Service.Interface.SiteActivity\Afantazie.Service.Interface.SiteActivity.csproj", "{2DD5FD95-6BAF-4924-8554-C3866150100C}"
EndProject
Project("{9A19103F-16F7-4668-BE54-9A1E7A4F7556}") = "Afantazie.Tools", "Afantazie.Tools\Afantazie.Tools.csproj", "{0057D5B5-E18E-431D-9B1D-D43AD4962D4D}"
EndProject
Project("{9A19103F-16F7-4668-BE54-9A1E7A4F7556}") = "Afantazie.Core.Constants", "Afantazie.Core.Constants\Afantazie.Core.Constants.csproj", "{53161634-35B7-407C-9091-21742F53520F}"
EndProject
Project("{FAE04EC0-301F-11D3-BF4B-00C04F79EFBC}") = "Afantazie.Service.Profiles", "Afantazie.Service.Profiles\Afantazie.Service.Profiles.csproj", "{B6C09A01-AEC9-49A3-A0F5-5F08F61D935B}"
EndProject
Project("{FAE04EC0-301F-11D3-BF4B-00C04F79EFBC}") = "Afantazie.Service.Interface.Profiles", "Afantazie.Service.Interface.Profiles\Afantazie.Service.Interface.Profiles.csproj", "{AF797DDD-ADDF-4829-9E50-6B2A0B2653FB}"
EndProject
Project("{FAE04EC0-301F-11D3-BF4B-00C04F79EFBC}") = "Afantazie.Service.Interface.GraphLayout", "Afantazie.Service.Interface.GraphLayout\Afantazie.Service.Interface.GraphLayout.csproj", "{B1794E7E-5131-4B79-8CE4-E6B4DF29E2AE}"
EndProject
Project("{FAE04EC0-301F-11D3-BF4B-00C04F79EFBC}") = "Afantazie.Service.GraphLayout", "Afantazie.Service.GraphLayout\Afantazie.Service.GraphLayout.csproj", "{7C277DA9-E306-4008-8D62-CEAA58A65A21}"
EndProject
Global
	GlobalSection(SolutionConfigurationPlatforms) = preSolution
		Debug|Any CPU = Debug|Any CPU
		Release|Any CPU = Release|Any CPU
	EndGlobalSection
	GlobalSection(ProjectConfigurationPlatforms) = postSolution
		{D39387AB-7539-4D0D-AD6D-4BC7758BC7A8}.Debug|Any CPU.ActiveCfg = Debug|Any CPU
		{D39387AB-7539-4D0D-AD6D-4BC7758BC7A8}.Debug|Any CPU.Build.0 = Debug|Any CPU
		{D39387AB-7539-4D0D-AD6D-4BC7758BC7A8}.Release|Any CPU.ActiveCfg = Release|Any CPU
		{D39387AB-7539-4D0D-AD6D-4BC7758BC7A8}.Release|Any CPU.Build.0 = Release|Any CPU
		{06670BCD-A2B5-49BA-A91C-45748F85E403}.Debug|Any CPU.ActiveCfg = Debug|Any CPU
		{06670BCD-A2B5-49BA-A91C-45748F85E403}.Debug|Any CPU.Build.0 = Debug|Any CPU
		{06670BCD-A2B5-49BA-A91C-45748F85E403}.Release|Any CPU.ActiveCfg = Release|Any CPU
		{06670BCD-A2B5-49BA-A91C-45748F85E403}.Release|Any CPU.Build.0 = Release|Any CPU
		{0DC1634A-E478-44E5-85BA-4357E8E63EB4}.Debug|Any CPU.ActiveCfg = Debug|Any CPU
		{0DC1634A-E478-44E5-85BA-4357E8E63EB4}.Debug|Any CPU.Build.0 = Debug|Any CPU
		{0DC1634A-E478-44E5-85BA-4357E8E63EB4}.Release|Any CPU.ActiveCfg = Release|Any CPU
		{0DC1634A-E478-44E5-85BA-4357E8E63EB4}.Release|Any CPU.Build.0 = Release|Any CPU
		{0F0785DF-34B6-453F-9BF2-DB556C32CF86}.Debug|Any CPU.ActiveCfg = Debug|Any CPU
		{0F0785DF-34B6-453F-9BF2-DB556C32CF86}.Debug|Any CPU.Build.0 = Debug|Any CPU
		{0F0785DF-34B6-453F-9BF2-DB556C32CF86}.Release|Any CPU.ActiveCfg = Release|Any CPU
		{0F0785DF-34B6-453F-9BF2-DB556C32CF86}.Release|Any CPU.Build.0 = Release|Any CPU
		{307F9C6A-3BAF-43B4-B478-CF69A60909C4}.Debug|Any CPU.ActiveCfg = Debug|Any CPU
		{307F9C6A-3BAF-43B4-B478-CF69A60909C4}.Debug|Any CPU.Build.0 = Debug|Any CPU
		{307F9C6A-3BAF-43B4-B478-CF69A60909C4}.Release|Any CPU.ActiveCfg = Release|Any CPU
		{307F9C6A-3BAF-43B4-B478-CF69A60909C4}.Release|Any CPU.Build.0 = Release|Any CPU
		{F665C27A-24B9-4241-A03A-84B3A1FD027E}.Debug|Any CPU.ActiveCfg = Debug|Any CPU
		{F665C27A-24B9-4241-A03A-84B3A1FD027E}.Debug|Any CPU.Build.0 = Debug|Any CPU
		{F665C27A-24B9-4241-A03A-84B3A1FD027E}.Release|Any CPU.ActiveCfg = Release|Any CPU
		{F665C27A-24B9-4241-A03A-84B3A1FD027E}.Release|Any CPU.Build.0 = Release|Any CPU
		{CCA47F37-4225-45D6-AB62-D5D1D224A159}.Debug|Any CPU.ActiveCfg = Debug|Any CPU
		{CCA47F37-4225-45D6-AB62-D5D1D224A159}.Debug|Any CPU.Build.0 = Debug|Any CPU
		{CCA47F37-4225-45D6-AB62-D5D1D224A159}.Release|Any CPU.ActiveCfg = Release|Any CPU
		{CCA47F37-4225-45D6-AB62-D5D1D224A159}.Release|Any CPU.Build.0 = Release|Any CPU
		{ABFBC6A9-6054-4090-8595-6D70631C7C1D}.Debug|Any CPU.ActiveCfg = Debug|Any CPU
		{ABFBC6A9-6054-4090-8595-6D70631C7C1D}.Debug|Any CPU.Build.0 = Debug|Any CPU
		{ABFBC6A9-6054-4090-8595-6D70631C7C1D}.Release|Any CPU.ActiveCfg = Release|Any CPU
		{ABFBC6A9-6054-4090-8595-6D70631C7C1D}.Release|Any CPU.Build.0 = Release|Any CPU
		{8E19D217-EC24-48E8-9FF2-9B37C9D48F40}.Debug|Any CPU.ActiveCfg = Debug|Any CPU
		{8E19D217-EC24-48E8-9FF2-9B37C9D48F40}.Debug|Any CPU.Build.0 = Debug|Any CPU
		{8E19D217-EC24-48E8-9FF2-9B37C9D48F40}.Release|Any CPU.ActiveCfg = Release|Any CPU
		{8E19D217-EC24-48E8-9FF2-9B37C9D48F40}.Release|Any CPU.Build.0 = Release|Any CPU
		{21A011C1-CB37-44B8-BEBF-043415FFE2B8}.Debug|Any CPU.ActiveCfg = Debug|Any CPU
		{21A011C1-CB37-44B8-BEBF-043415FFE2B8}.Debug|Any CPU.Build.0 = Debug|Any CPU
		{21A011C1-CB37-44B8-BEBF-043415FFE2B8}.Release|Any CPU.ActiveCfg = Release|Any CPU
		{21A011C1-CB37-44B8-BEBF-043415FFE2B8}.Release|Any CPU.Build.0 = Release|Any CPU
		{43D9057B-644D-4C90-BCE6-F7751FE4C70C}.Debug|Any CPU.ActiveCfg = Debug|Any CPU
		{43D9057B-644D-4C90-BCE6-F7751FE4C70C}.Debug|Any CPU.Build.0 = Debug|Any CPU
		{43D9057B-644D-4C90-BCE6-F7751FE4C70C}.Release|Any CPU.ActiveCfg = Release|Any CPU
		{43D9057B-644D-4C90-BCE6-F7751FE4C70C}.Release|Any CPU.Build.0 = Release|Any CPU
		{D759D9CF-1F4D-44BD-BBF6-DADEF52A68FC}.Debug|Any CPU.ActiveCfg = Debug|Any CPU
		{D759D9CF-1F4D-44BD-BBF6-DADEF52A68FC}.Debug|Any CPU.Build.0 = Debug|Any CPU
		{D759D9CF-1F4D-44BD-BBF6-DADEF52A68FC}.Release|Any CPU.ActiveCfg = Release|Any CPU
		{D759D9CF-1F4D-44BD-BBF6-DADEF52A68FC}.Release|Any CPU.Build.0 = Release|Any CPU
		{3C2F7281-69C8-4A25-9D8C-2E260E853D5D}.Debug|Any CPU.ActiveCfg = Debug|Any CPU
		{3C2F7281-69C8-4A25-9D8C-2E260E853D5D}.Debug|Any CPU.Build.0 = Debug|Any CPU
		{3C2F7281-69C8-4A25-9D8C-2E260E853D5D}.Release|Any CPU.ActiveCfg = Release|Any CPU
		{3C2F7281-69C8-4A25-9D8C-2E260E853D5D}.Release|Any CPU.Build.0 = Release|Any CPU
		{12386335-B00F-4544-AE0A-B32FB191AB84}.Debug|Any CPU.ActiveCfg = Debug|Any CPU
		{12386335-B00F-4544-AE0A-B32FB191AB84}.Debug|Any CPU.Build.0 = Debug|Any CPU
		{12386335-B00F-4544-AE0A-B32FB191AB84}.Release|Any CPU.ActiveCfg = Release|Any CPU
		{12386335-B00F-4544-AE0A-B32FB191AB84}.Release|Any CPU.Build.0 = Release|Any CPU
		{0EEDB792-FDE6-4225-8C49-85EA8FFF4908}.Debug|Any CPU.ActiveCfg = Debug|Any CPU
		{0EEDB792-FDE6-4225-8C49-85EA8FFF4908}.Debug|Any CPU.Build.0 = Debug|Any CPU
		{0EEDB792-FDE6-4225-8C49-85EA8FFF4908}.Release|Any CPU.ActiveCfg = Release|Any CPU
		{0EEDB792-FDE6-4225-8C49-85EA8FFF4908}.Release|Any CPU.Build.0 = Release|Any CPU
		{B8C368B6-1BE9-4DDB-ADD5-F215F1277F89}.Debug|Any CPU.ActiveCfg = Debug|Any CPU
		{B8C368B6-1BE9-4DDB-ADD5-F215F1277F89}.Debug|Any CPU.Build.0 = Debug|Any CPU
		{B8C368B6-1BE9-4DDB-ADD5-F215F1277F89}.Release|Any CPU.ActiveCfg = Release|Any CPU
		{B8C368B6-1BE9-4DDB-ADD5-F215F1277F89}.Release|Any CPU.Build.0 = Release|Any CPU
		{79BC8615-5F09-4A71-99C7-FBFCD7D3B9E3}.Debug|Any CPU.ActiveCfg = Debug|Any CPU
		{79BC8615-5F09-4A71-99C7-FBFCD7D3B9E3}.Debug|Any CPU.Build.0 = Debug|Any CPU
		{79BC8615-5F09-4A71-99C7-FBFCD7D3B9E3}.Release|Any CPU.ActiveCfg = Release|Any CPU
		{79BC8615-5F09-4A71-99C7-FBFCD7D3B9E3}.Release|Any CPU.Build.0 = Release|Any CPU
		{2DD5FD95-6BAF-4924-8554-C3866150100C}.Debug|Any CPU.ActiveCfg = Debug|Any CPU
		{2DD5FD95-6BAF-4924-8554-C3866150100C}.Debug|Any CPU.Build.0 = Debug|Any CPU
		{2DD5FD95-6BAF-4924-8554-C3866150100C}.Release|Any CPU.ActiveCfg = Release|Any CPU
		{2DD5FD95-6BAF-4924-8554-C3866150100C}.Release|Any CPU.Build.0 = Release|Any CPU
		{0057D5B5-E18E-431D-9B1D-D43AD4962D4D}.Debug|Any CPU.ActiveCfg = Debug|Any CPU
		{0057D5B5-E18E-431D-9B1D-D43AD4962D4D}.Debug|Any CPU.Build.0 = Debug|Any CPU
		{0057D5B5-E18E-431D-9B1D-D43AD4962D4D}.Release|Any CPU.ActiveCfg = Release|Any CPU
		{0057D5B5-E18E-431D-9B1D-D43AD4962D4D}.Release|Any CPU.Build.0 = Release|Any CPU
		{53161634-35B7-407C-9091-21742F53520F}.Debug|Any CPU.ActiveCfg = Debug|Any CPU
		{53161634-35B7-407C-9091-21742F53520F}.Debug|Any CPU.Build.0 = Debug|Any CPU
		{53161634-35B7-407C-9091-21742F53520F}.Release|Any CPU.ActiveCfg = Release|Any CPU
		{53161634-35B7-407C-9091-21742F53520F}.Release|Any CPU.Build.0 = Release|Any CPU
		{B6C09A01-AEC9-49A3-A0F5-5F08F61D935B}.Debug|Any CPU.ActiveCfg = Debug|Any CPU
		{B6C09A01-AEC9-49A3-A0F5-5F08F61D935B}.Debug|Any CPU.Build.0 = Debug|Any CPU
		{B6C09A01-AEC9-49A3-A0F5-5F08F61D935B}.Release|Any CPU.ActiveCfg = Release|Any CPU
		{B6C09A01-AEC9-49A3-A0F5-5F08F61D935B}.Release|Any CPU.Build.0 = Release|Any CPU
		{AF797DDD-ADDF-4829-9E50-6B2A0B2653FB}.Debug|Any CPU.ActiveCfg = Debug|Any CPU
		{AF797DDD-ADDF-4829-9E50-6B2A0B2653FB}.Debug|Any CPU.Build.0 = Debug|Any CPU
		{AF797DDD-ADDF-4829-9E50-6B2A0B2653FB}.Release|Any CPU.ActiveCfg = Release|Any CPU
		{AF797DDD-ADDF-4829-9E50-6B2A0B2653FB}.Release|Any CPU.Build.0 = Release|Any CPU
		{B1794E7E-5131-4B79-8CE4-E6B4DF29E2AE}.Debug|Any CPU.ActiveCfg = Debug|Any CPU
		{B1794E7E-5131-4B79-8CE4-E6B4DF29E2AE}.Debug|Any CPU.Build.0 = Debug|Any CPU
		{B1794E7E-5131-4B79-8CE4-E6B4DF29E2AE}.Release|Any CPU.ActiveCfg = Release|Any CPU
		{B1794E7E-5131-4B79-8CE4-E6B4DF29E2AE}.Release|Any CPU.Build.0 = Release|Any CPU
		{7C277DA9-E306-4008-8D62-CEAA58A65A21}.Debug|Any CPU.ActiveCfg = Debug|Any CPU
		{7C277DA9-E306-4008-8D62-CEAA58A65A21}.Debug|Any CPU.Build.0 = Debug|Any CPU
		{7C277DA9-E306-4008-8D62-CEAA58A65A21}.Release|Any CPU.ActiveCfg = Release|Any CPU
		{7C277DA9-E306-4008-8D62-CEAA58A65A21}.Release|Any CPU.Build.0 = Release|Any CPU
	EndGlobalSection
	GlobalSection(SolutionProperties) = preSolution
		HideSolutionNode = FALSE
	EndGlobalSection
	GlobalSection(NestedProjects) = preSolution
		{06670BCD-A2B5-49BA-A91C-45748F85E403} = {B1E9F3E6-6CA6-4616-9273-E8B02DDE4C87}
		{0DC1634A-E478-44E5-85BA-4357E8E63EB4} = {0F06CE6D-5FD9-4245-BEF0-30E250E20C29}
		{0F0785DF-34B6-453F-9BF2-DB556C32CF86} = {2A5DDC78-B6BE-49FF-8D97-D7CC16E91FBA}
		{307F9C6A-3BAF-43B4-B478-CF69A60909C4} = {F5CF87E8-C2B3-41AB-85DF-381976C3240D}
		{F665C27A-24B9-4241-A03A-84B3A1FD027E} = {F5CF87E8-C2B3-41AB-85DF-381976C3240D}
		{CCA47F37-4225-45D6-AB62-D5D1D224A159} = {F5CF87E8-C2B3-41AB-85DF-381976C3240D}
		{ABFBC6A9-6054-4090-8595-6D70631C7C1D} = {15898F11-EB19-4E48-BC33-266E864485D7}
		{8E19D217-EC24-48E8-9FF2-9B37C9D48F40} = {15898F11-EB19-4E48-BC33-266E864485D7}
		{B1E9F3E6-6CA6-4616-9273-E8B02DDE4C87} = {0F06CE6D-5FD9-4245-BEF0-30E250E20C29}
		{21A011C1-CB37-44B8-BEBF-043415FFE2B8} = {2A5DDC78-B6BE-49FF-8D97-D7CC16E91FBA}
		{43D9057B-644D-4C90-BCE6-F7751FE4C70C} = {B1E9F3E6-6CA6-4616-9273-E8B02DDE4C87}
		{D759D9CF-1F4D-44BD-BBF6-DADEF52A68FC} = {0F06CE6D-5FD9-4245-BEF0-30E250E20C29}
		{3C2F7281-69C8-4A25-9D8C-2E260E853D5D} = {B1E9F3E6-6CA6-4616-9273-E8B02DDE4C87}
		{12386335-B00F-4544-AE0A-B32FB191AB84} = {0F06CE6D-5FD9-4245-BEF0-30E250E20C29}
		{0EEDB792-FDE6-4225-8C49-85EA8FFF4908} = {B1E9F3E6-6CA6-4616-9273-E8B02DDE4C87}
		{B8C368B6-1BE9-4DDB-ADD5-F215F1277F89} = {0F06CE6D-5FD9-4245-BEF0-30E250E20C29}
		{79BC8615-5F09-4A71-99C7-FBFCD7D3B9E3} = {0F06CE6D-5FD9-4245-BEF0-30E250E20C29}
		{2DD5FD95-6BAF-4924-8554-C3866150100C} = {B1E9F3E6-6CA6-4616-9273-E8B02DDE4C87}
		{53161634-35B7-407C-9091-21742F53520F} = {2A5DDC78-B6BE-49FF-8D97-D7CC16E91FBA}
		{B6C09A01-AEC9-49A3-A0F5-5F08F61D935B} = {0F06CE6D-5FD9-4245-BEF0-30E250E20C29}
		{AF797DDD-ADDF-4829-9E50-6B2A0B2653FB} = {B1E9F3E6-6CA6-4616-9273-E8B02DDE4C87}
	EndGlobalSection
	GlobalSection(ExtensibilityGlobals) = postSolution
		SolutionGuid = {B5DA400D-6CC7-42B9-B34E-8272D7481FAC}
	EndGlobalSection
EndGlobal
